
Microsoft Visual Studio Solution File, Format Version 12.00
# Visual Studio Version 17
VisualStudioVersion = 17.5.33627.172
MinimumVisualStudioVersion = 10.0.40219.1
Project("{FAE04EC0-301F-11D3-BF4B-00C04F79EFBC}") = "Piechart", "Piechart\Piechart.csproj", "{27CA8A0F-0818-4FA2-A69D-024A5B939CBC}"
EndProject
Global
	GlobalSection(SolutionConfigurationPlatforms) = preSolution
		Debug|Any CPU = Debug|Any CPU
		Release|Any CPU = Release|Any CPU
	EndGlobalSection
	GlobalSection(ProjectConfigurationPlatforms) = postSolution
		{27CA8A0F-0818-4FA2-A69D-024A5B939CBC}.Debug|Any CPU.ActiveCfg = Debug|Any CPU
		{27CA8A0F-0818-4FA2-A69D-024A5B939CBC}.Debug|Any CPU.Build.0 = Debug|Any CPU
		{27CA8A0F-0818-4FA2-A69D-024A5B939CBC}.Release|Any CPU.ActiveCfg = Release|Any CPU
		{27CA8A0F-0818-4FA2-A69D-024A5B939CBC}.Release|Any CPU.Build.0 = Release|Any CPU
	EndGlobalSection
	GlobalSection(SolutionProperties) = preSolution
		HideSolutionNode = FALSE
	EndGlobalSection
	GlobalSection(ExtensibilityGlobals) = postSolution
		SolutionGuid = {4FADADBD-82D9-47CE-88F2-AD31EFB3D760}
	EndGlobalSection
EndGlobal
